
Microsoft Visual Studio Solution File, Format Version 12.00
# Visual Studio Version 16
VisualStudioVersion = 16.0.29613.14
MinimumVisualStudioVersion = 10.0.40219.1
Project("{FAE04EC0-301F-11D3-BF4B-00C04F79EFBC}") = "TestMorning", "TestMorning\TestMorning.csproj", "{244B0A1B-75F8-4880-B4F0-D973C124A4BD}"
EndProject
Global
	GlobalSection(SolutionConfigurationPlatforms) = preSolution
		Debug|Any CPU = Debug|Any CPU
		Release|Any CPU = Release|Any CPU
	EndGlobalSection
	GlobalSection(ProjectConfigurationPlatforms) = postSolution
		{244B0A1B-75F8-4880-B4F0-D973C124A4BD}.Debug|Any CPU.ActiveCfg = Debug|Any CPU
		{244B0A1B-75F8-4880-B4F0-D973C124A4BD}.Debug|Any CPU.Build.0 = Debug|Any CPU
		{244B0A1B-75F8-4880-B4F0-D973C124A4BD}.Release|Any CPU.ActiveCfg = Release|Any CPU
		{244B0A1B-75F8-4880-B4F0-D973C124A4BD}.Release|Any CPU.Build.0 = Release|Any CPU
	EndGlobalSection
	GlobalSection(SolutionProperties) = preSolution
		HideSolutionNode = FALSE
	EndGlobalSection
	GlobalSection(ExtensibilityGlobals) = postSolution
		SolutionGuid = {BFFF6BC1-272C-46C1-8D34-CF1AFF84430D}
	EndGlobalSection
EndGlobal
